
Microsoft Visual Studio Solution File, Format Version 12.00
# Visual Studio 15
VisualStudioVersion = 15.0.28010.2019
MinimumVisualStudioVersion = 10.0.40219.1
Project("{FAE04EC0-301F-11D3-BF4B-00C04F79EFBC}") = "Change_Proxy", "Change_Proxy\Change_Proxy.csproj", "{0B4E42C6-71F5-406C-A373-4D0CE348AFF4}"
EndProject
Global
	GlobalSection(SolutionConfigurationPlatforms) = preSolution
		Debug|Any CPU = Debug|Any CPU
		Release|Any CPU = Release|Any CPU
	EndGlobalSection
	GlobalSection(ProjectConfigurationPlatforms) = postSolution
		{0B4E42C6-71F5-406C-A373-4D0CE348AFF4}.Debug|Any CPU.ActiveCfg = Debug|Any CPU
		{0B4E42C6-71F5-406C-A373-4D0CE348AFF4}.Debug|Any CPU.Build.0 = Debug|Any CPU
		{0B4E42C6-71F5-406C-A373-4D0CE348AFF4}.Release|Any CPU.ActiveCfg = Release|Any CPU
		{0B4E42C6-71F5-406C-A373-4D0CE348AFF4}.Release|Any CPU.Build.0 = Release|Any CPU
	EndGlobalSection
	GlobalSection(SolutionProperties) = preSolution
		HideSolutionNode = FALSE
	EndGlobalSection
	GlobalSection(ExtensibilityGlobals) = postSolution
		SolutionGuid = {DBB5E39E-3E8F-4740-897D-671C2A96B36F}
	EndGlobalSection
EndGlobal
